
Microsoft Visual Studio Solution File, Format Version 12.00
# Visual Studio Version 17
VisualStudioVersion = 17.4.33213.308
MinimumVisualStudioVersion = 10.0.40219.1
Project("{FAE04EC0-301F-11D3-BF4B-00C04F79EFBC}") = "CRUDUsingReact", "CRUDUsingReact\CRUDUsingReact.csproj", "{487A86A2-C665-46CE-BF81-3273B1E2CA36}"
EndProject
Global
	GlobalSection(SolutionConfigurationPlatforms) = preSolution
		Debug|Any CPU = Debug|Any CPU
		Release|Any CPU = Release|Any CPU
	EndGlobalSection
	GlobalSection(ProjectConfigurationPlatforms) = postSolution
		{487A86A2-C665-46CE-BF81-3273B1E2CA36}.Debug|Any CPU.ActiveCfg = Debug|Any CPU
		{487A86A2-C665-46CE-BF81-3273B1E2CA36}.Debug|Any CPU.Build.0 = Debug|Any CPU
		{487A86A2-C665-46CE-BF81-3273B1E2CA36}.Release|Any CPU.ActiveCfg = Release|Any CPU
		{487A86A2-C665-46CE-BF81-3273B1E2CA36}.Release|Any CPU.Build.0 = Release|Any CPU
	EndGlobalSection
	GlobalSection(SolutionProperties) = preSolution
		HideSolutionNode = FALSE
	EndGlobalSection
	GlobalSection(ExtensibilityGlobals) = postSolution
		SolutionGuid = {F22B1F8E-133D-4E22-BA70-9F626A2CB463}
	EndGlobalSection
EndGlobal
